
Microsoft Visual Studio Solution File, Format Version 12.00
Project("{FAE04EC0-301F-11D3-BF4B-00C04F79EFBC}") = "dev.extensions.helpers", "dev.extensions.helpers\dev.extensions.helpers.csproj", "{A15D53C2-E80A-4F2C-A3C5-63CCD825E76B}"
EndProject
Global
	GlobalSection(SolutionConfigurationPlatforms) = preSolution
		Debug|Any CPU = Debug|Any CPU
		Release|Any CPU = Release|Any CPU
	EndGlobalSection
	GlobalSection(ProjectConfigurationPlatforms) = postSolution
		{A15D53C2-E80A-4F2C-A3C5-63CCD825E76B}.Debug|Any CPU.ActiveCfg = Debug|Any CPU
		{A15D53C2-E80A-4F2C-A3C5-63CCD825E76B}.Debug|Any CPU.Build.0 = Debug|Any CPU
		{A15D53C2-E80A-4F2C-A3C5-63CCD825E76B}.Release|Any CPU.ActiveCfg = Release|Any CPU
		{A15D53C2-E80A-4F2C-A3C5-63CCD825E76B}.Release|Any CPU.Build.0 = Release|Any CPU
	EndGlobalSection
EndGlobal
